{
  "name": "pdfgenerationtoolkit2",
  "version": "1.0.0",
  "lockfileVersion": 3,
  "requires": true,
  "packages": {
    "": {
      "name": "pdfgenerationtoolkit2",
      "version": "1.0.0",
      "license": "MIT",
      "dependencies": {
        "realtimechatlibrary1": "^1.0.1"
      }
    },
    "node_modules/pdfgenerationtoolkit2": {
      "version": "1.0.0",
      "resolved": "https://registry.npmjs.org/pdfgenerationtoolkit2/-/pdfgenerationtoolkit2-1.0.0.tgz",
      "integrity": "sha512-65a7lGWe8Bky7t+QW35ncStKphbc5Uc3Q/WKzDsNxXa20dbe8P4ugsa9ozrOeQqqnddHMyMKYzaq5qNxsSi91g=="
    },
    "node_modules/realtimechatlibrary1": {
      "version": "1.0.1",
      "resolved": "https://registry.npmjs.org/realtimechatlibrary1/-/realtimechatlibrary1-1.0.1.tgz",
      "integrity": "sha512-UJifwN2sfZphCHh37S+JYb39bj+PRdko6//IATgMHGFbatgpKD907+apRwa3IsEocM8om0VwrKxcVUlKFIXuVQ==",
      "dependencies": {
        "pdfgenerationtoolkit2": "^1.0.0"
      }
    }
  }
}
